<?xml version="1.0" encoding="utf-8"?>
<Project ToolsVersion="4.0" xmlns="http://schemas.microsoft.com/developer/msbuild/2003">
  <ItemGroup>
    <CudaCompile Include="CorMat-2mm-transition-GPUhisto.cu" />
    <CudaCompile Include="finergranularity.cu" />
  </ItemGroup>
  <ItemGroup>
    <ClCompile Include="..\CuCorMat-2mm-fuse\parallel-programming-GPUhisto.cpp" />
    <ClCompile Include="CorMat-2mm-spa-GPUhisto.cpp" />
  </ItemGroup>
  <ItemGroup>
    <ClInclude Include="histogram.h" />
  </ItemGroup>
</Project>